
Microsoft Visual Studio Solution File, Format Version 12.00
# Visual Studio 15
VisualStudioVersion = 15.0.26430.15
MinimumVisualStudioVersion = 10.0.40219.1
Project("{8BC9CEB8-8B4A-11D0-8D11-00A0C91BC942}") = "EmperorOfDragons", "EmperorOfDragons.vcxproj", "{BF85F458-C984-4B68-AF13-469FDCE0FC61}"
EndProject
Project("{8BC9CEB8-8B4A-11D0-8D11-00A0C91BC942}") = "NexonADBalloonLib", "NexonADBalloonLib\NexonADBalloonLib.vcxproj", "{842F831C-6A1A-4D6A-9124-6E38CE2FB2DA}"
EndProject
Project("{8BC9CEB8-8B4A-11D0-8D11-00A0C91BC942}") = "XFControl", "XFControl\XFControl.vcxproj", "{EB57C9D2-9DBF-4E5F-89F2-DB9C882EDD60}"
EndProject
Global
	GlobalSection(SolutionConfigurationPlatforms) = preSolution
		CN_Debug|x86 = CN_Debug|x86
		CN_Release_Debug|x86 = CN_Release_Debug|x86
		CN_Release_GM|x86 = CN_Release_GM|x86
		CN_Release|x86 = CN_Release|x86
		JP_Debug|x86 = JP_Debug|x86
		JP_Release_Debug|x86 = JP_Release_Debug|x86
		JP_Release_GM|x86 = JP_Release_GM|x86
		JP_Release|x86 = JP_Release|x86
		KR_Debug|x86 = KR_Debug|x86
		KR_Release_Debug|x86 = KR_Release_Debug|x86
		KR_Release_GM|x86 = KR_Release_GM|x86
		KR_Release|x86 = KR_Release|x86
		KR_Test_Release_Debug|x86 = KR_Test_Release_Debug|x86
		KR_Test_Release_GM|x86 = KR_Test_Release_GM|x86
		KR_Test_Release|x86 = KR_Test_Release|x86
		RS_Debug|x86 = RS_Debug|x86
		RS_Release_Debug|x86 = RS_Release_Debug|x86
		RS_Release_GM|x86 = RS_Release_GM|x86
		RS_Release|x86 = RS_Release|x86
		Template|x86 = Template|x86
		TH_Debug|x86 = TH_Debug|x86
		TH_Release_Debug|x86 = TH_Release_Debug|x86
		TH_Release_GM|x86 = TH_Release_GM|x86
		TH_Release|x86 = TH_Release|x86
		TW_Debug|x86 = TW_Debug|x86
		TW_Release_Debug|x86 = TW_Release_Debug|x86
		TW_Release_GM|x86 = TW_Release_GM|x86
		TW_Release|x86 = TW_Release|x86
		US_Debug|x86 = US_Debug|x86
		US_Release_Debug|x86 = US_Release_Debug|x86
		US_Release_GM|x86 = US_Release_GM|x86
		US_Release|x86 = US_Release|x86
		VN_Debug|x86 = VN_Debug|x86
		VN_Release_Debug|x86 = VN_Release_Debug|x86
		VN_Release_GM|x86 = VN_Release_GM|x86
		VN_Release|x86 = VN_Release|x86
	EndGlobalSection
	GlobalSection(ProjectConfigurationPlatforms) = postSolution
		{BF85F458-C984-4B68-AF13-469FDCE0FC61}.CN_Debug|x86.ActiveCfg = CN_Debug|Win32
		{BF85F458-C984-4B68-AF13-469FDCE0FC61}.CN_Debug|x86.Build.0 = CN_Debug|Win32
		{BF85F458-C984-4B68-AF13-469FDCE0FC61}.CN_Release_Debug|x86.ActiveCfg = CN_Release_Debug|Win32
		{BF85F458-C984-4B68-AF13-469FDCE0FC61}.CN_Release_Debug|x86.Build.0 = CN_Release_Debug|Win32
		{BF85F458-C984-4B68-AF13-469FDCE0FC61}.CN_Release_GM|x86.ActiveCfg = CN_Release_GM|Win32
		{BF85F458-C984-4B68-AF13-469FDCE0FC61}.CN_Release_GM|x86.Build.0 = CN_Release_GM|Win32
		{BF85F458-C984-4B68-AF13-469FDCE0FC61}.CN_Release|x86.ActiveCfg = CN_Release|Win32
		{BF85F458-C984-4B68-AF13-469FDCE0FC61}.CN_Release|x86.Build.0 = CN_Release|Win32
		{BF85F458-C984-4B68-AF13-469FDCE0FC61}.JP_Debug|x86.ActiveCfg = JP_Debug|Win32
		{BF85F458-C984-4B68-AF13-469FDCE0FC61}.JP_Debug|x86.Build.0 = JP_Debug|Win32
		{BF85F458-C984-4B68-AF13-469FDCE0FC61}.JP_Release_Debug|x86.ActiveCfg = JP_Release_Debug|Win32
		{BF85F458-C984-4B68-AF13-469FDCE0FC61}.JP_Release_Debug|x86.Build.0 = JP_Release_Debug|Win32
		{BF85F458-C984-4B68-AF13-469FDCE0FC61}.JP_Release_GM|x86.ActiveCfg = JP_Release_GM|Win32
		{BF85F458-C984-4B68-AF13-469FDCE0FC61}.JP_Release_GM|x86.Build.0 = JP_Release_GM|Win32
		{BF85F458-C984-4B68-AF13-469FDCE0FC61}.JP_Release|x86.ActiveCfg = JP_Release|Win32
		{BF85F458-C984-4B68-AF13-469FDCE0FC61}.JP_Release|x86.Build.0 = JP_Release|Win32
		{BF85F458-C984-4B68-AF13-469FDCE0FC61}.KR_Debug|x86.ActiveCfg = KR_Debug|Win32
		{BF85F458-C984-4B68-AF13-469FDCE0FC61}.KR_Debug|x86.Build.0 = KR_Debug|Win32
		{BF85F458-C984-4B68-AF13-469FDCE0FC61}.KR_Release_Debug|x86.ActiveCfg = KR_Release_Debug|Win32
		{BF85F458-C984-4B68-AF13-469FDCE0FC61}.KR_Release_Debug|x86.Build.0 = KR_Release_Debug|Win32
		{BF85F458-C984-4B68-AF13-469FDCE0FC61}.KR_Release_GM|x86.ActiveCfg = KR_Release_GM|Win32
		{BF85F458-C984-4B68-AF13-469FDCE0FC61}.KR_Release_GM|x86.Build.0 = KR_Release_GM|Win32
		{BF85F458-C984-4B68-AF13-469FDCE0FC61}.KR_Release|x86.ActiveCfg = KR_Release|Win32
		{BF85F458-C984-4B68-AF13-469FDCE0FC61}.KR_Release|x86.Build.0 = KR_Release|Win32
		{BF85F458-C984-4B68-AF13-469FDCE0FC61}.KR_Test_Release_Debug|x86.ActiveCfg = KR_Test_Release_Debug|Win32
		{BF85F458-C984-4B68-AF13-469FDCE0FC61}.KR_Test_Release_Debug|x86.Build.0 = KR_Test_Release_Debug|Win32
		{BF85F458-C984-4B68-AF13-469FDCE0FC61}.KR_Test_Release_GM|x86.ActiveCfg = KR_Test_Release_GM|Win32
		{BF85F458-C984-4B68-AF13-469FDCE0FC61}.KR_Test_Release_GM|x86.Build.0 = KR_Test_Release_GM|Win32
		{BF85F458-C984-4B68-AF13-469FDCE0FC61}.KR_Test_Release|x86.ActiveCfg = KR_Test_Release|Win32
		{BF85F458-C984-4B68-AF13-469FDCE0FC61}.KR_Test_Release|x86.Build.0 = KR_Test_Release|Win32
		{BF85F458-C984-4B68-AF13-469FDCE0FC61}.RS_Debug|x86.ActiveCfg = RS_Debug|Win32
		{BF85F458-C984-4B68-AF13-469FDCE0FC61}.RS_Debug|x86.Build.0 = RS_Debug|Win32
		{BF85F458-C984-4B68-AF13-469FDCE0FC61}.RS_Release_Debug|x86.ActiveCfg = RS_Release_Debug|Win32
		{BF85F458-C984-4B68-AF13-469FDCE0FC61}.RS_Release_Debug|x86.Build.0 = RS_Release_Debug|Win32
		{BF85F458-C984-4B68-AF13-469FDCE0FC61}.RS_Release_GM|x86.ActiveCfg = RS_Release_GM|Win32
		{BF85F458-C984-4B68-AF13-469FDCE0FC61}.RS_Release_GM|x86.Build.0 = RS_Release_GM|Win32
		{BF85F458-C984-4B68-AF13-469FDCE0FC61}.RS_Release|x86.ActiveCfg = RS_Release|Win32
		{BF85F458-C984-4B68-AF13-469FDCE0FC61}.RS_Release|x86.Build.0 = RS_Release|Win32
		{BF85F458-C984-4B68-AF13-469FDCE0FC61}.Template|x86.ActiveCfg = TH_Release_GM|Win32
		{BF85F458-C984-4B68-AF13-469FDCE0FC61}.Template|x86.Build.0 = TH_Release_GM|Win32
		{BF85F458-C984-4B68-AF13-469FDCE0FC61}.TH_Debug|x86.ActiveCfg = TH_Debug|Win32
		{BF85F458-C984-4B68-AF13-469FDCE0FC61}.TH_Debug|x86.Build.0 = TH_Debug|Win32
		{BF85F458-C984-4B68-AF13-469FDCE0FC61}.TH_Release_Debug|x86.ActiveCfg = TH_Release_Debug|Win32
		{BF85F458-C984-4B68-AF13-469FDCE0FC61}.TH_Release_Debug|x86.Build.0 = TH_Release_Debug|Win32
		{BF85F458-C984-4B68-AF13-469FDCE0FC61}.TH_Release_GM|x86.ActiveCfg = TH_Release_GM|Win32
		{BF85F458-C984-4B68-AF13-469FDCE0FC61}.TH_Release_GM|x86.Build.0 = TH_Release_GM|Win32
		{BF85F458-C984-4B68-AF13-469FDCE0FC61}.TH_Release|x86.ActiveCfg = TH_Release|Win32
		{BF85F458-C984-4B68-AF13-469FDCE0FC61}.TH_Release|x86.Build.0 = TH_Release|Win32
		{BF85F458-C984-4B68-AF13-469FDCE0FC61}.TW_Debug|x86.ActiveCfg = TW_Debug|Win32
		{BF85F458-C984-4B68-AF13-469FDCE0FC61}.TW_Debug|x86.Build.0 = TW_Debug|Win32
		{BF85F458-C984-4B68-AF13-469FDCE0FC61}.TW_Release_Debug|x86.ActiveCfg = TW_Release_Debug|Win32
		{BF85F458-C984-4B68-AF13-469FDCE0FC61}.TW_Release_Debug|x86.Build.0 = TW_Release_Debug|Win32
		{BF85F458-C984-4B68-AF13-469FDCE0FC61}.TW_Release_GM|x86.ActiveCfg = TW_Release_GM|Win32
		{BF85F458-C984-4B68-AF13-469FDCE0FC61}.TW_Release_GM|x86.Build.0 = TW_Release_GM|Win32
		{BF85F458-C984-4B68-AF13-469FDCE0FC61}.TW_Release|x86.ActiveCfg = TW_Release|Win32
		{BF85F458-C984-4B68-AF13-469FDCE0FC61}.TW_Release|x86.Build.0 = TW_Release|Win32
		{BF85F458-C984-4B68-AF13-469FDCE0FC61}.US_Debug|x86.ActiveCfg = US_Debug|Win32
		{BF85F458-C984-4B68-AF13-469FDCE0FC61}.US_Debug|x86.Build.0 = US_Debug|Win32
		{BF85F458-C984-4B68-AF13-469FDCE0FC61}.US_Release_Debug|x86.ActiveCfg = US_Release_Debug|Win32
		{BF85F458-C984-4B68-AF13-469FDCE0FC61}.US_Release_Debug|x86.Build.0 = US_Release_Debug|Win32
		{BF85F458-C984-4B68-AF13-469FDCE0FC61}.US_Release_GM|x86.ActiveCfg = US_Release_GM|Win32
		{BF85F458-C984-4B68-AF13-469FDCE0FC61}.US_Release_GM|x86.Build.0 = US_Release_GM|Win32
		{BF85F458-C984-4B68-AF13-469FDCE0FC61}.US_Release|x86.ActiveCfg = US_Release|Win32
		{BF85F458-C984-4B68-AF13-469FDCE0FC61}.US_Release|x86.Build.0 = US_Release|Win32
		{BF85F458-C984-4B68-AF13-469FDCE0FC61}.VN_Debug|x86.ActiveCfg = VN_Debug|Win32
		{BF85F458-C984-4B68-AF13-469FDCE0FC61}.VN_Debug|x86.Build.0 = VN_Debug|Win32
		{BF85F458-C984-4B68-AF13-469FDCE0FC61}.VN_Release_Debug|x86.ActiveCfg = VN_Release_Debug|Win32
		{BF85F458-C984-4B68-AF13-469FDCE0FC61}.VN_Release_Debug|x86.Build.0 = VN_Release_Debug|Win32
		{BF85F458-C984-4B68-AF13-469FDCE0FC61}.VN_Release_GM|x86.ActiveCfg = VN_Release_GM|Win32
		{BF85F458-C984-4B68-AF13-469FDCE0FC61}.VN_Release_GM|x86.Build.0 = VN_Release_GM|Win32
		{BF85F458-C984-4B68-AF13-469FDCE0FC61}.VN_Release|x86.ActiveCfg = VN_Release|Win32
		{BF85F458-C984-4B68-AF13-469FDCE0FC61}.VN_Release|x86.Build.0 = VN_Release|Win32
		{842F831C-6A1A-4D6A-9124-6E38CE2FB2DA}.CN_Debug|x86.ActiveCfg = KR_Release_Debug|Win32
		{842F831C-6A1A-4D6A-9124-6E38CE2FB2DA}.CN_Debug|x86.Build.0 = KR_Release_Debug|Win32
		{842F831C-6A1A-4D6A-9124-6E38CE2FB2DA}.CN_Release_Debug|x86.ActiveCfg = KR_Release_Debug|Win32
		{842F831C-6A1A-4D6A-9124-6E38CE2FB2DA}.CN_Release_Debug|x86.Build.0 = KR_Release_Debug|Win32
		{842F831C-6A1A-4D6A-9124-6E38CE2FB2DA}.CN_Release_GM|x86.ActiveCfg = KR_Release_Debug|Win32
		{842F831C-6A1A-4D6A-9124-6E38CE2FB2DA}.CN_Release_GM|x86.Build.0 = KR_Release_Debug|Win32
		{842F831C-6A1A-4D6A-9124-6E38CE2FB2DA}.CN_Release|x86.ActiveCfg = KR_Release_Debug|Win32
		{842F831C-6A1A-4D6A-9124-6E38CE2FB2DA}.CN_Release|x86.Build.0 = KR_Release_Debug|Win32
		{842F831C-6A1A-4D6A-9124-6E38CE2FB2DA}.JP_Debug|x86.ActiveCfg = KR_Release_Debug|Win32
		{842F831C-6A1A-4D6A-9124-6E38CE2FB2DA}.JP_Debug|x86.Build.0 = KR_Release_Debug|Win32
		{842F831C-6A1A-4D6A-9124-6E38CE2FB2DA}.JP_Release_Debug|x86.ActiveCfg = KR_Release_Debug|Win32
		{842F831C-6A1A-4D6A-9124-6E38CE2FB2DA}.JP_Release_Debug|x86.Build.0 = KR_Release_Debug|Win32
		{842F831C-6A1A-4D6A-9124-6E38CE2FB2DA}.JP_Release_GM|x86.ActiveCfg = KR_Release_Debug|Win32
		{842F831C-6A1A-4D6A-9124-6E38CE2FB2DA}.JP_Release_GM|x86.Build.0 = KR_Release_Debug|Win32
		{842F831C-6A1A-4D6A-9124-6E38CE2FB2DA}.JP_Release|x86.ActiveCfg = KR_Release_Debug|Win32
		{842F831C-6A1A-4D6A-9124-6E38CE2FB2DA}.JP_Release|x86.Build.0 = KR_Release_Debug|Win32
		{842F831C-6A1A-4D6A-9124-6E38CE2FB2DA}.KR_Debug|x86.ActiveCfg = KR_Release_Debug|Win32
		{842F831C-6A1A-4D6A-9124-6E38CE2FB2DA}.KR_Debug|x86.Build.0 = KR_Release_Debug|Win32
		{842F831C-6A1A-4D6A-9124-6E38CE2FB2DA}.KR_Release_Debug|x86.ActiveCfg = KR_Release_Debug|Win32
		{842F831C-6A1A-4D6A-9124-6E38CE2FB2DA}.KR_Release_Debug|x86.Build.0 = KR_Release_Debug|Win32
		{842F831C-6A1A-4D6A-9124-6E38CE2FB2DA}.KR_Release_GM|x86.ActiveCfg = KR_Release_GM|Win32
		{842F831C-6A1A-4D6A-9124-6E38CE2FB2DA}.KR_Release_GM|x86.Build.0 = KR_Release_GM|Win32
		{842F831C-6A1A-4D6A-9124-6E38CE2FB2DA}.KR_Release|x86.ActiveCfg = KR_Release|Win32
		{842F831C-6A1A-4D6A-9124-6E38CE2FB2DA}.KR_Release|x86.Build.0 = KR_Release|Win32
		{842F831C-6A1A-4D6A-9124-6E38CE2FB2DA}.KR_Test_Release_Debug|x86.ActiveCfg = KR_Release_Debug|Win32
		{842F831C-6A1A-4D6A-9124-6E38CE2FB2DA}.KR_Test_Release_Debug|x86.Build.0 = KR_Release_Debug|Win32
		{842F831C-6A1A-4D6A-9124-6E38CE2FB2DA}.KR_Test_Release_GM|x86.ActiveCfg = KR_Release_Debug|Win32
		{842F831C-6A1A-4D6A-9124-6E38CE2FB2DA}.KR_Test_Release_GM|x86.Build.0 = KR_Release_Debug|Win32
		{842F831C-6A1A-4D6A-9124-6E38CE2FB2DA}.KR_Test_Release|x86.ActiveCfg = KR_Release_Debug|Win32
		{842F831C-6A1A-4D6A-9124-6E38CE2FB2DA}.KR_Test_Release|x86.Build.0 = KR_Release_Debug|Win32
		{842F831C-6A1A-4D6A-9124-6E38CE2FB2DA}.RS_Debug|x86.ActiveCfg = KR_Release_Debug|Win32
		{842F831C-6A1A-4D6A-9124-6E38CE2FB2DA}.RS_Debug|x86.Build.0 = KR_Release_Debug|Win32
		{842F831C-6A1A-4D6A-9124-6E38CE2FB2DA}.RS_Release_Debug|x86.ActiveCfg = KR_Release_Debug|Win32
		{842F831C-6A1A-4D6A-9124-6E38CE2FB2DA}.RS_Release_Debug|x86.Build.0 = KR_Release_Debug|Win32
		{842F831C-6A1A-4D6A-9124-6E38CE2FB2DA}.RS_Release_GM|x86.ActiveCfg = KR_Release_Debug|Win32
		{842F831C-6A1A-4D6A-9124-6E38CE2FB2DA}.RS_Release_GM|x86.Build.0 = KR_Release_Debug|Win32
		{842F831C-6A1A-4D6A-9124-6E38CE2FB2DA}.RS_Release|x86.ActiveCfg = KR_Release_Debug|Win32
		{842F831C-6A1A-4D6A-9124-6E38CE2FB2DA}.RS_Release|x86.Build.0 = KR_Release_Debug|Win32
		{842F831C-6A1A-4D6A-9124-6E38CE2FB2DA}.Template|x86.ActiveCfg = Template|Win32
		{842F831C-6A1A-4D6A-9124-6E38CE2FB2DA}.Template|x86.Build.0 = Template|Win32
		{842F831C-6A1A-4D6A-9124-6E38CE2FB2DA}.TH_Debug|x86.ActiveCfg = Template|Win32
		{842F831C-6A1A-4D6A-9124-6E38CE2FB2DA}.TH_Debug|x86.Build.0 = Template|Win32
		{842F831C-6A1A-4D6A-9124-6E38CE2FB2DA}.TH_Release_Debug|x86.ActiveCfg = Template|Win32
		{842F831C-6A1A-4D6A-9124-6E38CE2FB2DA}.TH_Release_Debug|x86.Build.0 = Template|Win32
		{842F831C-6A1A-4D6A-9124-6E38CE2FB2DA}.TH_Release_GM|x86.ActiveCfg = Template|Win32
		{842F831C-6A1A-4D6A-9124-6E38CE2FB2DA}.TH_Release_GM|x86.Build.0 = Template|Win32
		{842F831C-6A1A-4D6A-9124-6E38CE2FB2DA}.TH_Release|x86.ActiveCfg = Template|Win32
		{842F831C-6A1A-4D6A-9124-6E38CE2FB2DA}.TH_Release|x86.Build.0 = Template|Win32
		{842F831C-6A1A-4D6A-9124-6E38CE2FB2DA}.TW_Debug|x86.ActiveCfg = Template|Win32
		{842F831C-6A1A-4D6A-9124-6E38CE2FB2DA}.TW_Debug|x86.Build.0 = Template|Win32
		{842F831C-6A1A-4D6A-9124-6E38CE2FB2DA}.TW_Release_Debug|x86.ActiveCfg = Template|Win32
		{842F831C-6A1A-4D6A-9124-6E38CE2FB2DA}.TW_Release_Debug|x86.Build.0 = Template|Win32
		{842F831C-6A1A-4D6A-9124-6E38CE2FB2DA}.TW_Release_GM|x86.ActiveCfg = Template|Win32
		{842F831C-6A1A-4D6A-9124-6E38CE2FB2DA}.TW_Release_GM|x86.Build.0 = Template|Win32
		{842F831C-6A1A-4D6A-9124-6E38CE2FB2DA}.TW_Release|x86.ActiveCfg = Template|Win32
		{842F831C-6A1A-4D6A-9124-6E38CE2FB2DA}.TW_Release|x86.Build.0 = Template|Win32
		{842F831C-6A1A-4D6A-9124-6E38CE2FB2DA}.US_Debug|x86.ActiveCfg = KR_Release_Debug|Win32
		{842F831C-6A1A-4D6A-9124-6E38CE2FB2DA}.US_Debug|x86.Build.0 = KR_Release_Debug|Win32
		{842F831C-6A1A-4D6A-9124-6E38CE2FB2DA}.US_Release_Debug|x86.ActiveCfg = KR_Release_Debug|Win32
		{842F831C-6A1A-4D6A-9124-6E38CE2FB2DA}.US_Release_Debug|x86.Build.0 = KR_Release_Debug|Win32
		{842F831C-6A1A-4D6A-9124-6E38CE2FB2DA}.US_Release_GM|x86.ActiveCfg = KR_Release_Debug|Win32
		{842F831C-6A1A-4D6A-9124-6E38CE2FB2DA}.US_Release_GM|x86.Build.0 = KR_Release_Debug|Win32
		{842F831C-6A1A-4D6A-9124-6E38CE2FB2DA}.US_Release|x86.ActiveCfg = KR_Release_Debug|Win32
		{842F831C-6A1A-4D6A-9124-6E38CE2FB2DA}.US_Release|x86.Build.0 = KR_Release_Debug|Win32
		{842F831C-6A1A-4D6A-9124-6E38CE2FB2DA}.VN_Debug|x86.ActiveCfg = KR_Release_Debug|Win32
		{842F831C-6A1A-4D6A-9124-6E38CE2FB2DA}.VN_Debug|x86.Build.0 = KR_Release_Debug|Win32
		{842F831C-6A1A-4D6A-9124-6E38CE2FB2DA}.VN_Release_Debug|x86.ActiveCfg = KR_Release_Debug|Win32
		{842F831C-6A1A-4D6A-9124-6E38CE2FB2DA}.VN_Release_Debug|x86.Build.0 = KR_Release_Debug|Win32
		{842F831C-6A1A-4D6A-9124-6E38CE2FB2DA}.VN_Release_GM|x86.ActiveCfg = KR_Release_Debug|Win32
		{842F831C-6A1A-4D6A-9124-6E38CE2FB2DA}.VN_Release_GM|x86.Build.0 = KR_Release_Debug|Win32
		{842F831C-6A1A-4D6A-9124-6E38CE2FB2DA}.VN_Release|x86.ActiveCfg = KR_Release_Debug|Win32
		{842F831C-6A1A-4D6A-9124-6E38CE2FB2DA}.VN_Release|x86.Build.0 = KR_Release_Debug|Win32
		{EB57C9D2-9DBF-4E5F-89F2-DB9C882EDD60}.CN_Debug|x86.ActiveCfg = CN_Debug|Win32
		{EB57C9D2-9DBF-4E5F-89F2-DB9C882EDD60}.CN_Debug|x86.Build.0 = CN_Debug|Win32
		{EB57C9D2-9DBF-4E5F-89F2-DB9C882EDD60}.CN_Release_Debug|x86.ActiveCfg = CN_Release_Debug|Win32
		{EB57C9D2-9DBF-4E5F-89F2-DB9C882EDD60}.CN_Release_Debug|x86.Build.0 = CN_Release_Debug|Win32
		{EB57C9D2-9DBF-4E5F-89F2-DB9C882EDD60}.CN_Release_GM|x86.ActiveCfg = CN_Release_GM|Win32
		{EB57C9D2-9DBF-4E5F-89F2-DB9C882EDD60}.CN_Release_GM|x86.Build.0 = CN_Release_GM|Win32
		{EB57C9D2-9DBF-4E5F-89F2-DB9C882EDD60}.CN_Release|x86.ActiveCfg = CN_Release|Win32
		{EB57C9D2-9DBF-4E5F-89F2-DB9C882EDD60}.CN_Release|x86.Build.0 = CN_Release|Win32
		{EB57C9D2-9DBF-4E5F-89F2-DB9C882EDD60}.JP_Debug|x86.ActiveCfg = JP_Debug|Win32
		{EB57C9D2-9DBF-4E5F-89F2-DB9C882EDD60}.JP_Debug|x86.Build.0 = JP_Debug|Win32
		{EB57C9D2-9DBF-4E5F-89F2-DB9C882EDD60}.JP_Release_Debug|x86.ActiveCfg = JP_Release_Debug|Win32
		{EB57C9D2-9DBF-4E5F-89F2-DB9C882EDD60}.JP_Release_Debug|x86.Build.0 = JP_Release_Debug|Win32
		{EB57C9D2-9DBF-4E5F-89F2-DB9C882EDD60}.JP_Release_GM|x86.ActiveCfg = JP_Release_GM|Win32
		{EB57C9D2-9DBF-4E5F-89F2-DB9C882EDD60}.JP_Release_GM|x86.Build.0 = JP_Release_GM|Win32
		{EB57C9D2-9DBF-4E5F-89F2-DB9C882EDD60}.JP_Release|x86.ActiveCfg = JP_Release|Win32
		{EB57C9D2-9DBF-4E5F-89F2-DB9C882EDD60}.JP_Release|x86.Build.0 = JP_Release|Win32
		{EB57C9D2-9DBF-4E5F-89F2-DB9C882EDD60}.KR_Debug|x86.ActiveCfg = KR_Debug|Win32
		{EB57C9D2-9DBF-4E5F-89F2-DB9C882EDD60}.KR_Debug|x86.Build.0 = KR_Debug|Win32
		{EB57C9D2-9DBF-4E5F-89F2-DB9C882EDD60}.KR_Release_Debug|x86.ActiveCfg = KR_Release_Debug|Win32
		{EB57C9D2-9DBF-4E5F-89F2-DB9C882EDD60}.KR_Release_Debug|x86.Build.0 = KR_Release_Debug|Win32
		{EB57C9D2-9DBF-4E5F-89F2-DB9C882EDD60}.KR_Release_GM|x86.ActiveCfg = KR_Release_GM|Win32
		{EB57C9D2-9DBF-4E5F-89F2-DB9C882EDD60}.KR_Release_GM|x86.Build.0 = KR_Release_GM|Win32
		{EB57C9D2-9DBF-4E5F-89F2-DB9C882EDD60}.KR_Release|x86.ActiveCfg = KR_Release|Win32
		{EB57C9D2-9DBF-4E5F-89F2-DB9C882EDD60}.KR_Release|x86.Build.0 = KR_Release|Win32
		{EB57C9D2-9DBF-4E5F-89F2-DB9C882EDD60}.KR_Test_Release_Debug|x86.ActiveCfg = KR_Release_Debug|Win32
		{EB57C9D2-9DBF-4E5F-89F2-DB9C882EDD60}.KR_Test_Release_Debug|x86.Build.0 = KR_Release_Debug|Win32
		{EB57C9D2-9DBF-4E5F-89F2-DB9C882EDD60}.KR_Test_Release_GM|x86.ActiveCfg = KR_Release_Debug|Win32
		{EB57C9D2-9DBF-4E5F-89F2-DB9C882EDD60}.KR_Test_Release_GM|x86.Build.0 = KR_Release_Debug|Win32
		{EB57C9D2-9DBF-4E5F-89F2-DB9C882EDD60}.KR_Test_Release|x86.ActiveCfg = KR_Release_Debug|Win32
		{EB57C9D2-9DBF-4E5F-89F2-DB9C882EDD60}.KR_Test_Release|x86.Build.0 = KR_Release_Debug|Win32
		{EB57C9D2-9DBF-4E5F-89F2-DB9C882EDD60}.RS_Debug|x86.ActiveCfg = RS_Debug|Win32
		{EB57C9D2-9DBF-4E5F-89F2-DB9C882EDD60}.RS_Debug|x86.Build.0 = RS_Debug|Win32
		{EB57C9D2-9DBF-4E5F-89F2-DB9C882EDD60}.RS_Release_Debug|x86.ActiveCfg = RS_Release_Debug|Win32
		{EB57C9D2-9DBF-4E5F-89F2-DB9C882EDD60}.RS_Release_Debug|x86.Build.0 = RS_Release_Debug|Win32
		{EB57C9D2-9DBF-4E5F-89F2-DB9C882EDD60}.RS_Release_GM|x86.ActiveCfg = RS_Release_GM|Win32
		{EB57C9D2-9DBF-4E5F-89F2-DB9C882EDD60}.RS_Release_GM|x86.Build.0 = RS_Release_GM|Win32
		{EB57C9D2-9DBF-4E5F-89F2-DB9C882EDD60}.RS_Release|x86.ActiveCfg = RS_Release|Win32
		{EB57C9D2-9DBF-4E5F-89F2-DB9C882EDD60}.RS_Release|x86.Build.0 = RS_Release|Win32
		{EB57C9D2-9DBF-4E5F-89F2-DB9C882EDD60}.Template|x86.ActiveCfg = Template|Win32
		{EB57C9D2-9DBF-4E5F-89F2-DB9C882EDD60}.Template|x86.Build.0 = Template|Win32
		{EB57C9D2-9DBF-4E5F-89F2-DB9C882EDD60}.TH_Debug|x86.ActiveCfg = TH_Debug|Win32
		{EB57C9D2-9DBF-4E5F-89F2-DB9C882EDD60}.TH_Debug|x86.Build.0 = TH_Debug|Win32
		{EB57C9D2-9DBF-4E5F-89F2-DB9C882EDD60}.TH_Release_Debug|x86.ActiveCfg = TH_Release_Debug|Win32
		{EB57C9D2-9DBF-4E5F-89F2-DB9C882EDD60}.TH_Release_Debug|x86.Build.0 = TH_Release_Debug|Win32
		{EB57C9D2-9DBF-4E5F-89F2-DB9C882EDD60}.TH_Release_GM|x86.ActiveCfg = TH_Release_GM|Win32
		{EB57C9D2-9DBF-4E5F-89F2-DB9C882EDD60}.TH_Release_GM|x86.Build.0 = TH_Release_GM|Win32
		{EB57C9D2-9DBF-4E5F-89F2-DB9C882EDD60}.TH_Release|x86.ActiveCfg = TH_Release|Win32
		{EB57C9D2-9DBF-4E5F-89F2-DB9C882EDD60}.TH_Release|x86.Build.0 = TH_Release|Win32
		{EB57C9D2-9DBF-4E5F-89F2-DB9C882EDD60}.TW_Debug|x86.ActiveCfg = TW_Debug|Win32
		{EB57C9D2-9DBF-4E5F-89F2-DB9C882EDD60}.TW_Debug|x86.Build.0 = TW_Debug|Win32
		{EB57C9D2-9DBF-4E5F-89F2-DB9C882EDD60}.TW_Release_Debug|x86.ActiveCfg = TW_Release_Debug|Win32
		{EB57C9D2-9DBF-4E5F-89F2-DB9C882EDD60}.TW_Release_Debug|x86.Build.0 = TW_Release_Debug|Win32
		{EB57C9D2-9DBF-4E5F-89F2-DB9C882EDD60}.TW_Release_GM|x86.ActiveCfg = TW_Release_GM|Win32
		{EB57C9D2-9DBF-4E5F-89F2-DB9C882EDD60}.TW_Release_GM|x86.Build.0 = TW_Release_GM|Win32
		{EB57C9D2-9DBF-4E5F-89F2-DB9C882EDD60}.TW_Release|x86.ActiveCfg = TW_Release|Win32
		{EB57C9D2-9DBF-4E5F-89F2-DB9C882EDD60}.TW_Release|x86.Build.0 = TW_Release|Win32
		{EB57C9D2-9DBF-4E5F-89F2-DB9C882EDD60}.US_Debug|x86.ActiveCfg = US_Debug|Win32
		{EB57C9D2-9DBF-4E5F-89F2-DB9C882EDD60}.US_Debug|x86.Build.0 = US_Debug|Win32
		{EB57C9D2-9DBF-4E5F-89F2-DB9C882EDD60}.US_Release_Debug|x86.ActiveCfg = US_Release_Debug|Win32
		{EB57C9D2-9DBF-4E5F-89F2-DB9C882EDD60}.US_Release_Debug|x86.Build.0 = US_Release_Debug|Win32
		{EB57C9D2-9DBF-4E5F-89F2-DB9C882EDD60}.US_Release_GM|x86.ActiveCfg = US_Release_GM|Win32
		{EB57C9D2-9DBF-4E5F-89F2-DB9C882EDD60}.US_Release_GM|x86.Build.0 = US_Release_GM|Win32
		{EB57C9D2-9DBF-4E5F-89F2-DB9C882EDD60}.US_Release|x86.ActiveCfg = US_Release|Win32
		{EB57C9D2-9DBF-4E5F-89F2-DB9C882EDD60}.US_Release|x86.Build.0 = US_Release|Win32
		{EB57C9D2-9DBF-4E5F-89F2-DB9C882EDD60}.VN_Debug|x86.ActiveCfg = VN_Debug|Win32
		{EB57C9D2-9DBF-4E5F-89F2-DB9C882EDD60}.VN_Debug|x86.Build.0 = VN_Debug|Win32
		{EB57C9D2-9DBF-4E5F-89F2-DB9C882EDD60}.VN_Release_Debug|x86.ActiveCfg = VN_Release_Debug|Win32
		{EB57C9D2-9DBF-4E5F-89F2-DB9C882EDD60}.VN_Release_Debug|x86.Build.0 = VN_Release_Debug|Win32
		{EB57C9D2-9DBF-4E5F-89F2-DB9C882EDD60}.VN_Release_GM|x86.ActiveCfg = VN_Release_GM|Win32
		{EB57C9D2-9DBF-4E5F-89F2-DB9C882EDD60}.VN_Release_GM|x86.Build.0 = VN_Release_GM|Win32
		{EB57C9D2-9DBF-4E5F-89F2-DB9C882EDD60}.VN_Release|x86.ActiveCfg = VN_Release|Win32
		{EB57C9D2-9DBF-4E5F-89F2-DB9C882EDD60}.VN_Release|x86.Build.0 = VN_Release|Win32
	EndGlobalSection
	GlobalSection(SolutionProperties) = preSolution
		HideSolutionNode = FALSE
	EndGlobalSection
EndGlobal
